
Microsoft Visual Studio Solution File, Format Version 12.00
# Visual Studio 2012
Project("{FAE04EC0-301F-11D3-BF4B-00C04F79EFBC}") = "SeamCarving", "SeamCarving\SeamCarving.csproj", "{756EEC00-1C52-474E-9376-B50C3922F876}"
EndProject
Global
	GlobalSection(SolutionConfigurationPlatforms) = preSolution
		Debug|Any CPU = Debug|Any CPU
		Release|Any CPU = Release|Any CPU
	EndGlobalSection
	GlobalSection(ProjectConfigurationPlatforms) = postSolution
		{756EEC00-1C52-474E-9376-B50C3922F876}.Debug|Any CPU.ActiveCfg = Debug|Any CPU
		{756EEC00-1C52-474E-9376-B50C3922F876}.Debug|Any CPU.Build.0 = Debug|Any CPU
		{756EEC00-1C52-474E-9376-B50C3922F876}.Release|Any CPU.ActiveCfg = Release|Any CPU
		{756EEC00-1C52-474E-9376-B50C3922F876}.Release|Any CPU.Build.0 = Release|Any CPU
	EndGlobalSection
	GlobalSection(SolutionProperties) = preSolution
		HideSolutionNode = FALSE
	EndGlobalSection
EndGlobal
